
Microsoft Visual Studio Solution File, Format Version 12.00
# Visual Studio Version 17
VisualStudioVersion = 17.9.34728.123
MinimumVisualStudioVersion = 10.0.40219.1
Project("{FAE04EC0-301F-11D3-BF4B-00C04F79EFBC}") = "TallerJuanMecanico", "TallerJuanMecanico\TallerJuanMecanico.csproj", "{D62E21A6-DBE4-4C61-B81E-D24BB81C7962}"
EndProject
Global
	GlobalSection(SolutionConfigurationPlatforms) = preSolution
		Debug|Any CPU = Debug|Any CPU
		Release|Any CPU = Release|Any CPU
	EndGlobalSection
	GlobalSection(ProjectConfigurationPlatforms) = postSolution
		{D62E21A6-DBE4-4C61-B81E-D24BB81C7962}.Debug|Any CPU.ActiveCfg = Debug|Any CPU
		{D62E21A6-DBE4-4C61-B81E-D24BB81C7962}.Debug|Any CPU.Build.0 = Debug|Any CPU
		{D62E21A6-DBE4-4C61-B81E-D24BB81C7962}.Release|Any CPU.ActiveCfg = Release|Any CPU
		{D62E21A6-DBE4-4C61-B81E-D24BB81C7962}.Release|Any CPU.Build.0 = Release|Any CPU
	EndGlobalSection
	GlobalSection(SolutionProperties) = preSolution
		HideSolutionNode = FALSE
	EndGlobalSection
	GlobalSection(ExtensibilityGlobals) = postSolution
		SolutionGuid = {A08D97AD-B52D-40E7-8513-ECA4F589FB61}
	EndGlobalSection
EndGlobal
